
Microsoft Visual Studio Solution File, Format Version 12.00
# Visual Studio Version 16
VisualStudioVersion = 16.0.31019.35
MinimumVisualStudioVersion = 10.0.40219.1
Project("{FAE04EC0-301F-11D3-BF4B-00C04F79EFBC}") = "ItemGeneratorForEssegi", "ItemGeneratorForEssegi.csproj", "{19E7E3D4-F9E9-496B-AD0B-0EEB795AFBA9}"
EndProject
Global
	GlobalSection(SolutionConfigurationPlatforms) = preSolution
		Debug|Any CPU = Debug|Any CPU
		Release|Any CPU = Release|Any CPU
	EndGlobalSection
	GlobalSection(ProjectConfigurationPlatforms) = postSolution
		{19E7E3D4-F9E9-496B-AD0B-0EEB795AFBA9}.Debug|Any CPU.ActiveCfg = Debug|Any CPU
		{19E7E3D4-F9E9-496B-AD0B-0EEB795AFBA9}.Debug|Any CPU.Build.0 = Debug|Any CPU
		{19E7E3D4-F9E9-496B-AD0B-0EEB795AFBA9}.Release|Any CPU.ActiveCfg = Release|Any CPU
		{19E7E3D4-F9E9-496B-AD0B-0EEB795AFBA9}.Release|Any CPU.Build.0 = Release|Any CPU
	EndGlobalSection
	GlobalSection(SolutionProperties) = preSolution
		HideSolutionNode = FALSE
	EndGlobalSection
	GlobalSection(ExtensibilityGlobals) = postSolution
		SolutionGuid = {D022E8F3-DADA-4A68-9F05-0F1EF4ADCC5A}
	EndGlobalSection
EndGlobal
